
Microsoft Visual Studio Solution File, Format Version 12.00
# Visual Studio Version 17
VisualStudioVersion = 17.5.002.0
MinimumVisualStudioVersion = 10.0.40219.1
Project("{9A19103F-16F7-4668-BE54-9A1E7A4F7556}") = "InventioAdminBackend", "InventioAdminBackend.csproj", "{34054A16-6934-4B89-B41A-CD389E6CCF63}"
EndProject
Global
	GlobalSection(SolutionConfigurationPlatforms) = preSolution
		Debug|Any CPU = Debug|Any CPU
		Release|Any CPU = Release|Any CPU
	EndGlobalSection
	GlobalSection(ProjectConfigurationPlatforms) = postSolution
		{34054A16-6934-4B89-B41A-CD389E6CCF63}.Debug|Any CPU.ActiveCfg = Debug|Any CPU
		{34054A16-6934-4B89-B41A-CD389E6CCF63}.Debug|Any CPU.Build.0 = Debug|Any CPU
		{34054A16-6934-4B89-B41A-CD389E6CCF63}.Release|Any CPU.ActiveCfg = Release|Any CPU
		{34054A16-6934-4B89-B41A-CD389E6CCF63}.Release|Any CPU.Build.0 = Release|Any CPU
	EndGlobalSection
	GlobalSection(SolutionProperties) = preSolution
		HideSolutionNode = FALSE
	EndGlobalSection
	GlobalSection(ExtensibilityGlobals) = postSolution
		SolutionGuid = {2ABBDC04-8B62-4053-8D10-BFB20406D42C}
	EndGlobalSection
EndGlobal
